
Microsoft Visual Studio Solution File, Format Version 12.00
# Visual Studio Version 17
VisualStudioVersion = 17.11.35303.130
MinimumVisualStudioVersion = 10.0.40219.1
Project("{9A19103F-16F7-4668-BE54-9A1E7A4F7556}") = "JSONPacketDecode", "JSONPacketDecode.csproj", "{D6A182D0-EA5B-4100-BDC3-6ED67735F449}"
EndProject
Global
	GlobalSection(SolutionConfigurationPlatforms) = preSolution
		Debug|Any CPU = Debug|Any CPU
		Release|Any CPU = Release|Any CPU
	EndGlobalSection
	GlobalSection(ProjectConfigurationPlatforms) = postSolution
		{D6A182D0-EA5B-4100-BDC3-6ED67735F449}.Debug|Any CPU.ActiveCfg = Debug|Any CPU
		{D6A182D0-EA5B-4100-BDC3-6ED67735F449}.Debug|Any CPU.Build.0 = Debug|Any CPU
		{D6A182D0-EA5B-4100-BDC3-6ED67735F449}.Release|Any CPU.ActiveCfg = Release|Any CPU
		{D6A182D0-EA5B-4100-BDC3-6ED67735F449}.Release|Any CPU.Build.0 = Release|Any CPU
	EndGlobalSection
	GlobalSection(SolutionProperties) = preSolution
		HideSolutionNode = FALSE
	EndGlobalSection
	GlobalSection(ExtensibilityGlobals) = postSolution
		SolutionGuid = {C4046A3F-0137-4B30-96AB-78FEC9CCA657}
	EndGlobalSection
EndGlobal
